
Microsoft Visual Studio Solution File, Format Version 12.00
# Visual Studio Version 16
VisualStudioVersion = 16.0.28315.86
MinimumVisualStudioVersion = 10.0.40219.1
Project("{9A19103F-16F7-4668-BE54-9A1E7A4F7556}") = "Sparky", "Sparky\Sparky.csproj", "{060682DB-F8F1-4A35-82BC-FBBAE7AE65BB}"
EndProject
Project("{FAE04EC0-301F-11D3-BF4B-00C04F79EFBC}") = "Sparky.Forum", "Sparky.Forum\Sparky.Forum.csproj", "{D6C563B9-C08C-40AC-9131-26323D704CF6}"
EndProject
Global
	GlobalSection(SolutionConfigurationPlatforms) = preSolution
		Debug|Any CPU = Debug|Any CPU
		Release|Any CPU = Release|Any CPU
	EndGlobalSection
	GlobalSection(ProjectConfigurationPlatforms) = postSolution
		{060682DB-F8F1-4A35-82BC-FBBAE7AE65BB}.Debug|Any CPU.ActiveCfg = Debug|Any CPU
		{060682DB-F8F1-4A35-82BC-FBBAE7AE65BB}.Debug|Any CPU.Build.0 = Debug|Any CPU
		{060682DB-F8F1-4A35-82BC-FBBAE7AE65BB}.Release|Any CPU.ActiveCfg = Release|Any CPU
		{060682DB-F8F1-4A35-82BC-FBBAE7AE65BB}.Release|Any CPU.Build.0 = Release|Any CPU
		{D6C563B9-C08C-40AC-9131-26323D704CF6}.Debug|Any CPU.ActiveCfg = Debug|Any CPU
		{D6C563B9-C08C-40AC-9131-26323D704CF6}.Debug|Any CPU.Build.0 = Debug|Any CPU
		{D6C563B9-C08C-40AC-9131-26323D704CF6}.Release|Any CPU.ActiveCfg = Release|Any CPU
		{D6C563B9-C08C-40AC-9131-26323D704CF6}.Release|Any CPU.Build.0 = Release|Any CPU
	EndGlobalSection
	GlobalSection(SolutionProperties) = preSolution
		HideSolutionNode = FALSE
	EndGlobalSection
	GlobalSection(ExtensibilityGlobals) = postSolution
		SolutionGuid = {869BB9FC-5706-40FF-B1AC-F492C30CCEA7}
	EndGlobalSection
EndGlobal
